
Microsoft Visual Studio Solution File, Format Version 12.00
# Visual Studio Version 17
VisualStudioVersion = 17.11.35303.130
MinimumVisualStudioVersion = 10.0.40219.1
Project("{FAE04EC0-301F-11D3-BF4B-00C04F79EFBC}") = "nklvvprofit", "nklvvprofit.csproj", "{71B77C32-CA47-4F6B-AD4A-A0AF9341301C}"
EndProject
Global
	GlobalSection(SolutionConfigurationPlatforms) = preSolution
		Debug|Any CPU = Debug|Any CPU
		Release|Any CPU = Release|Any CPU
	EndGlobalSection
	GlobalSection(ProjectConfigurationPlatforms) = postSolution
		{71B77C32-CA47-4F6B-AD4A-A0AF9341301C}.Debug|Any CPU.ActiveCfg = Debug|Any CPU
		{71B77C32-CA47-4F6B-AD4A-A0AF9341301C}.Debug|Any CPU.Build.0 = Debug|Any CPU
		{71B77C32-CA47-4F6B-AD4A-A0AF9341301C}.Release|Any CPU.ActiveCfg = Release|Any CPU
		{71B77C32-CA47-4F6B-AD4A-A0AF9341301C}.Release|Any CPU.Build.0 = Release|Any CPU
	EndGlobalSection
	GlobalSection(SolutionProperties) = preSolution
		HideSolutionNode = FALSE
	EndGlobalSection
	GlobalSection(ExtensibilityGlobals) = postSolution
		SolutionGuid = {C3D20DDC-166F-4C41-94C6-7ADB6BE4E456}
	EndGlobalSection
EndGlobal
